
Microsoft Visual Studio Solution File, Format Version 12.00
# Visual Studio Version 16
VisualStudioVersion = 16.0.30907.101
MinimumVisualStudioVersion = 10.0.40219.1
Project("{FAE04EC0-301F-11D3-BF4B-00C04F79EFBC}") = "DictionaryHW", "DictionaryHW\DictionaryHW.csproj", "{F22F5355-4EA4-460A-8BAF-86E7FFCCD0C8}"
EndProject
Global
	GlobalSection(SolutionConfigurationPlatforms) = preSolution
		Debug|Any CPU = Debug|Any CPU
		Release|Any CPU = Release|Any CPU
	EndGlobalSection
	GlobalSection(ProjectConfigurationPlatforms) = postSolution
		{F22F5355-4EA4-460A-8BAF-86E7FFCCD0C8}.Debug|Any CPU.ActiveCfg = Debug|Any CPU
		{F22F5355-4EA4-460A-8BAF-86E7FFCCD0C8}.Debug|Any CPU.Build.0 = Debug|Any CPU
		{F22F5355-4EA4-460A-8BAF-86E7FFCCD0C8}.Release|Any CPU.ActiveCfg = Release|Any CPU
		{F22F5355-4EA4-460A-8BAF-86E7FFCCD0C8}.Release|Any CPU.Build.0 = Release|Any CPU
	EndGlobalSection
	GlobalSection(SolutionProperties) = preSolution
		HideSolutionNode = FALSE
	EndGlobalSection
	GlobalSection(ExtensibilityGlobals) = postSolution
		SolutionGuid = {6F58E779-21DA-41F1-BFC0-34C49ECDDBF3}
	EndGlobalSection
EndGlobal
